// !$*UTF8*$!
{
	archiveVersion = 1;
	classes = {
	};
	objectVersion = 50;
	objects = {

/* Begin PBXBuildFile section */
		348363962F0F6F48358657C9 /* Pods_Food2Fork.framework in Frameworks */ = {isa = PBXBuildFile; fileRef = 3E012279C72CFDA78D6D6968 /* Pods_Food2Fork.framework */; };
		E92FEFB121E5194000133BF3 /* RecipeManager.swift in Sources */ = {isa = PBXBuildFile; fileRef = E92FEFB021E5194000133BF3 /* RecipeManager.swift */; };
		E92FEFB421E519AB00133BF3 /* downloaded.swift in Sources */ = {isa = PBXBuildFile; fileRef = E92FEFB321E519AB00133BF3 /* downloaded.swift */; };
		E9474CBA21DE552D0081F007 /* AppDelegate.swift in Sources */ = {isa = PBXBuildFile; fileRef = E9474CB921DE552D0081F007 /* AppDelegate.swift */; };
		E9474CBC21DE552D0081F007 /* MainViewController.swift in Sources */ = {isa = PBXBuildFile; fileRef = E9474CBB21DE552D0081F007 /* MainViewController.swift */; };
		E9474CBF21DE552D0081F007 /* Main.storyboard in Resources */ = {isa = PBXBuildFile; fileRef = E9474CBD21DE552D0081F007 /* Main.storyboard */; };
		E9474CC121DE552E0081F007 /* Assets.xcassets in Resources */ = {isa = PBXBuildFile; fileRef = E9474CC021DE552E0081F007 /* Assets.xcassets */; };
		E9474CC421DE552E0081F007 /* LaunchScreen.storyboard in Resources */ = {isa = PBXBuildFile; fileRef = E9474CC221DE552E0081F007 /* LaunchScreen.storyboard */; };
		E9474CCF21DE552E0081F007 /* Food2ForkTests.swift in Sources */ = {isa = PBXBuildFile; fileRef = E9474CCE21DE552E0081F007 /* Food2ForkTests.swift */; };
		E9474CDE21DE56220081F007 /* Food2ForkAPI.swift in Sources */ = {isa = PBXBuildFile; fileRef = E9474CDD21DE56220081F007 /* Food2ForkAPI.swift */; };
		E9474CE121DE57480081F007 /* Recipe.swift in Sources */ = {isa = PBXBuildFile; fileRef = E9474CE021DE57480081F007 /* Recipe.swift */; };
		E98926FB21E12BF800E23A0A /* NetworkManager.swift in Sources */ = {isa = PBXBuildFile; fileRef = E98926FA21E12BF800E23A0A /* NetworkManager.swift */; };
/* End PBXBuildFile section */

/* Begin PBXContainerItemProxy section */
		E9474CCB21DE552E0081F007 /* PBXContainerItemProxy */ = {
			isa = PBXContainerItemProxy;
			containerPortal = E9474CAE21DE552D0081F007 /* Project object */;
			proxyType = 1;
			remoteGlobalIDString = E9474CB521DE552D0081F007;
			remoteInfo = Food2Fork;
		};
/* End PBXContainerItemProxy section */

/* Begin PBXFileReference section */
		0BFABDDA10CF55B0B50E3497 /* Pods-Food2Fork.debug.xcconfig */ = {isa = PBXFileReference; includeInIndex = 1; lastKnownFileType = text.xcconfig; name = "Pods-Food2Fork.debug.xcconfig"; path = "Pods/Target Support Files/Pods-Food2Fork/Pods-Food2Fork.debug.xcconfig"; sourceTree = "<group>"; };
		3E012279C72CFDA78D6D6968 /* Pods_Food2Fork.framework */ = {isa = PBXFileReference; explicitFileType = wrapper.framework; includeInIndex = 0; path = Pods_Food2Fork.framework; sourceTree = BUILT_PRODUCTS_DIR; };
		E92FEFB021E5194000133BF3 /* RecipeManager.swift */ = {isa = PBXFileReference; lastKnownFileType = sourcecode.swift; path = RecipeManager.swift; sourceTree = "<group>"; };
		E92FEFB321E519AB00133BF3 /* downloaded.swift */ = {isa = PBXFileReference; lastKnownFileType = sourcecode.swift; path = downloaded.swift; sourceTree = "<group>"; };
		E9474CB621DE552D0081F007 /* Food2Fork.app */ = {isa = PBXFileReference; explicitFileType = wrapper.application; includeInIndex = 0; path = Food2Fork.app; sourceTree = BUILT_PRODUCTS_DIR; };
		E9474CB921DE552D0081F007 /* AppDelegate.swift */ = {isa = PBXFileReference; lastKnownFileType = sourcecode.swift; path = AppDelegate.swift; sourceTree = "<group>"; };
		E9474CBB21DE552D0081F007 /* MainViewController.swift */ = {isa = PBXFileReference; lastKnownFileType = sourcecode.swift; path = MainViewController.swift; sourceTree = "<group>"; };
		E9474CBE21DE552D0081F007 /* Base */ = {isa = PBXFileReference; lastKnownFileType = file.storyboard; name = Base; path = Base.lproj/Main.storyboard; sourceTree = "<group>"; };
		E9474CC021DE552E0081F007 /* Assets.xcassets */ = {isa = PBXFileReference; lastKnownFileType = folder.assetcatalog; path = Assets.xcassets; sourceTree = "<group>"; };
		E9474CC321DE552E0081F007 /* Base */ = {isa = PBXFileReference; lastKnownFileType = file.storyboard; name = Base; path = Base.lproj/LaunchScreen.storyboard; sourceTree = "<group>"; };
		E9474CC521DE552E0081F007 /* Info.plist */ = {isa = PBXFileReference; lastKnownFileType = text.plist.xml; path = Info.plist; sourceTree = "<group>"; };
		E9474CCA21DE552E0081F007 /* Food2ForkTests.xctest */ = {isa = PBXFileReference; explicitFileType = wrapper.cfbundle; includeInIndex = 0; path = Food2ForkTests.xctest; sourceTree = BUILT_PRODUCTS_DIR; };
		E9474CCE21DE552E0081F007 /* Food2ForkTests.swift */ = {isa = PBXFileReference; lastKnownFileType = sourcecode.swift; path = Food2ForkTests.swift; sourceTree = "<group>"; };
		E9474CD021DE552E0081F007 /* Info.plist */ = {isa = PBXFileReference; lastKnownFileType = text.plist.xml; path = Info.plist; sourceTree = "<group>"; };
		E9474CDD21DE56220081F007 /* Food2ForkAPI.swift */ = {isa = PBXFileReference; lastKnownFileType = sourcecode.swift; path = Food2ForkAPI.swift; sourceTree = "<group>"; };
		E9474CE021DE57480081F007 /* Recipe.swift */ = {isa = PBXFileReference; lastKnownFileType = sourcecode.swift; path = Recipe.swift; sourceTree = "<group>"; };
		E970469B80838778428DAFAC /* Pods-Food2Fork.release.xcconfig */ = {isa = PBXFileReference; includeInIndex = 1; lastKnownFileType = text.xcconfig; name = "Pods-Food2Fork.release.xcconfig"; path = "Pods/Target Support Files/Pods-Food2Fork/Pods-Food2Fork.release.xcconfig"; sourceTree = "<group>"; };
		E98926FA21E12BF800E23A0A /* NetworkManager.swift */ = {isa = PBXFileReference; lastKnownFileType = sourcecode.swift; path = NetworkManager.swift; sourceTree = "<group>"; };
/* End PBXFileReference section */

/* Begin PBXFrameworksBuildPhase section */
		E9474CB321DE552D0081F007 /* Frameworks */ = {
			isa = PBXFrameworksBuildPhase;
			buildActionMask = 2147483647;
			files = (
				348363962F0F6F48358657C9 /* Pods_Food2Fork.framework in Frameworks */,
			);
			runOnlyForDeploymentPostprocessing = 0;
		};
		E9474CC721DE552E0081F007 /* Frameworks */ = {
			isa = PBXFrameworksBuildPhase;
			buildActionMask = 2147483647;
			files = (
			);
			runOnlyForDeploymentPostprocessing = 0;
		};
/* End PBXFrameworksBuildPhase section */

/* Begin PBXGroup section */
		C900DC993CFB2F6A37E5782D /* Pods */ = {
			isa = PBXGroup;
			children = (
				0BFABDDA10CF55B0B50E3497 /* Pods-Food2Fork.debug.xcconfig */,
				E970469B80838778428DAFAC /* Pods-Food2Fork.release.xcconfig */,
			);
			name = Pods;
			sourceTree = "<group>";
		};
		D55681916E2AA50D95272334 /* Frameworks */ = {
			isa = PBXGroup;
			children = (
				3E012279C72CFDA78D6D6968 /* Pods_Food2Fork.framework */,
			);
			name = Frameworks;
			sourceTree = "<group>";
		};
		E92FEFB221E5198B00133BF3 /* Extensions */ = {
			isa = PBXGroup;
			children = (
				E92FEFB321E519AB00133BF3 /* downloaded.swift */,
			);
			path = Extensions;
			sourceTree = "<group>";
		};
		E9474CAD21DE552D0081F007 = {
			isa = PBXGroup;
			children = (
				E9474CB821DE552D0081F007 /* Food2Fork */,
				E9474CCD21DE552E0081F007 /* Food2ForkTests */,
				E9474CB721DE552D0081F007 /* Products */,
				C900DC993CFB2F6A37E5782D /* Pods */,
				D55681916E2AA50D95272334 /* Frameworks */,
			);
			sourceTree = "<group>";
		};
		E9474CB721DE552D0081F007 /* Products */ = {
			isa = PBXGroup;
			children = (
				E9474CB621DE552D0081F007 /* Food2Fork.app */,
				E9474CCA21DE552E0081F007 /* Food2ForkTests.xctest */,
			);
			name = Products;
			sourceTree = "<group>";
		};
		E9474CB821DE552D0081F007 /* Food2Fork */ = {
			isa = PBXGroup;
			children = (
				E92FEFB221E5198B00133BF3 /* Extensions */,
				E9474CDF21DE573C0081F007 /* Recipe */,
				E9474CDC21DE55BE0081F007 /* Network */,
				E9474CDB21DE55B70081F007 /* Managers */,
				E9474CDA21DE55A50081F007 /* Storyboards */,
				E9474CD921DE55960081F007 /* ViewControllers */,
				E9474CB921DE552D0081F007 /* AppDelegate.swift */,
				E9474CC021DE552E0081F007 /* Assets.xcassets */,
				E9474CC521DE552E0081F007 /* Info.plist */,
			);
			path = Food2Fork;
			sourceTree = "<group>";
		};
		E9474CCD21DE552E0081F007 /* Food2ForkTests */ = {
			isa = PBXGroup;
			children = (
				E9474CCE21DE552E0081F007 /* Food2ForkTests.swift */,
				E9474CD021DE552E0081F007 /* Info.plist */,
			);
			path = Food2ForkTests;
			sourceTree = "<group>";
		};
		E9474CD921DE55960081F007 /* ViewControllers */ = {
			isa = PBXGroup;
			children = (
				E9474CBB21DE552D0081F007 /* MainViewController.swift */,
			);
			path = ViewControllers;
			sourceTree = "<group>";
		};
		E9474CDA21DE55A50081F007 /* Storyboards */ = {
			isa = PBXGroup;
			children = (
				E9474CBD21DE552D0081F007 /* Main.storyboard */,
				E9474CC221DE552E0081F007 /* LaunchScreen.storyboard */,
			);
			path = Storyboards;
			sourceTree = "<group>";
		};
		E9474CDB21DE55B70081F007 /* Managers */ = {
			isa = PBXGroup;
			children = (
				E98926FA21E12BF800E23A0A /* NetworkManager.swift */,
				E92FEFB021E5194000133BF3 /* RecipeManager.swift */,
			);
			path = Managers;
			sourceTree = "<group>";
		};
		E9474CDC21DE55BE0081F007 /* Network */ = {
			isa = PBXGroup;
			children = (
				E9474CDD21DE56220081F007 /* Food2ForkAPI.swift */,
			);
			path = Network;
			sourceTree = "<group>";
		};
		E9474CDF21DE573C0081F007 /* Recipe */ = {
			isa = PBXGroup;
			children = (
				E9474CE021DE57480081F007 /* Recipe.swift */,
			);
			path = Recipe;
			sourceTree = "<group>";
		};
/* End PBXGroup section */

/* Begin PBXNativeTarget section */
		E9474CB521DE552D0081F007 /* Food2Fork */ = {
			isa = PBXNativeTarget;
			buildConfigurationList = E9474CD321DE552E0081F007 /* Build configuration list for PBXNativeTarget "Food2Fork" */;
			buildPhases = (
				B613F90E19E7CBFD8B8DE62A /* [CP] Check Pods Manifest.lock */,
				E9474CB221DE552D0081F007 /* Sources */,
				E9474CB321DE552D0081F007 /* Frameworks */,
				E9474CB421DE552D0081F007 /* Resources */,
				B32BBCE31B7AC47C07B7B67B /* [CP] Embed Pods Frameworks */,
			);
			buildRules = (
			);
			dependencies = (
			);
			name = Food2Fork;
			productName = Food2Fork;
			productReference = E9474CB621DE552D0081F007 /* Food2Fork.app */;
			productType = "com.apple.product-type.application";
		};
		E9474CC921DE552E0081F007 /* Food2ForkTests */ = {
			isa = PBXNativeTarget;
			buildConfigurationList = E9474CD621DE552E0081F007 /* Build configuration list for PBXNativeTarget "Food2ForkTests" */;
			buildPhases = (
				E9474CC621DE552E0081F007 /* Sources */,
				E9474CC721DE552E0081F007 /* Frameworks */,
				E9474CC821DE552E0081F007 /* Resources */,
			);
			buildRules = (
			);
			dependencies = (
				E9474CCC21DE552E0081F007 /* PBXTargetDependency */,
			);
			name = Food2ForkTests;
			productName = Food2ForkTests;
			productReference = E9474CCA21DE552E0081F007 /* Food2ForkTests.xctest */;
			productType = "com.apple.product-type.bundle.unit-test";
		};
/* End PBXNativeTarget section */

/* Begin PBXProject section */
		E9474CAE21DE552D0081F007 /* Project object */ = {
			isa = PBXProject;
			attributes = {
				LastSwiftUpdateCheck = 1010;
				LastUpgradeCheck = 1010;
				ORGANIZATIONNAME = Mayla;
				TargetAttributes = {
					E9474CB521DE552D0081F007 = {
						CreatedOnToolsVersion = 10.1;
					};
					E9474CC921DE552E0081F007 = {
						CreatedOnToolsVersion = 10.1;
						TestTargetID = E9474CB521DE552D0081F007;
					};
				};
			};
			buildConfigurationList = E9474CB121DE552D0081F007 /* Build configuration list for PBXProject "Food2Fork" */;
			compatibilityVersion = "Xcode 9.3";
			developmentRegion = en;
			hasScannedForEncodings = 0;
			knownRegions = (
				en,
				Base,
			);
			mainGroup = E9474CAD21DE552D0081F007;
			productRefGroup = E9474CB721DE552D0081F007 /* Products */;
			projectDirPath = "";
			projectRoot = "";
			targets = (
				E9474CB521DE552D0081F007 /* Food2Fork */,
				E9474CC921DE552E0081F007 /* Food2ForkTests */,
			);
		};
/* End PBXProject section */

/* Begin PBXResourcesBuildPhase section */
		E9474CB421DE552D0081F007 /* Resources */ = {
			isa = PBXResourcesBuildPhase;
			buildActionMask = 2147483647;
			files = (
				E9474CC421DE552E0081F007 /* LaunchScreen.storyboard in Resources */,
				E9474CC121DE552E0081F007 /* Assets.xcassets in Resources */,
				E9474CBF21DE552D0081F007 /* Main.storyboard in Resources */,
			);
			runOnlyForDeploymentPostprocessing = 0;
		};
		E9474CC821DE552E0081F007 /* Resources */ = {
			isa = PBXResourcesBuildPhase;
			buildActionMask = 2147483647;
			files = (
			);
			runOnlyForDeploymentPostprocessing = 0;
		};
/* End PBXResourcesBuildPhase section */

/* Begin PBXShellScriptBuildPhase section */
		B32BBCE31B7AC47C07B7B67B /* [CP] Embed Pods Frameworks */ = {
			isa = PBXShellScriptBuildPhase;
			buildActionMask = 2147483647;
			files = (
			);
			inputFileListPaths = (
			);
			inputPaths = (
				"${SRCROOT}/Pods/Target Support Files/Pods-Food2Fork/Pods-Food2Fork-frameworks.sh",
				"${BUILT_PRODUCTS_DIR}/Alamofire/Alamofire.framework",
				"${BUILT_PRODUCTS_DIR}/Moya/Moya.framework",
				"${BUILT_PRODUCTS_DIR}/Result/Result.framework",
			);
			name = "[CP] Embed Pods Frameworks";
			outputFileListPaths = (
			);
			outputPaths = (
				"${TARGET_BUILD_DIR}/${FRAMEWORKS_FOLDER_PATH}/Alamofire.framework",
				"${TARGET_BUILD_DIR}/${FRAMEWORKS_FOLDER_PATH}/Moya.framework",
				"${TARGET_BUILD_DIR}/${FRAMEWORKS_FOLDER_PATH}/Result.framework",
			);
			runOnlyForDeploymentPostprocessing = 0;
			shellPath = /bin/sh;
			shellScript = "\"${SRCROOT}/Pods/Target Support Files/Pods-Food2Fork/Pods-Food2Fork-frameworks.sh\"\n";
			showEnvVarsInLog = 0;
		};
		B613F90E19E7CBFD8B8DE62A /* [CP] Check Pods Manifest.lock */ = {
			isa = PBXShellScriptBuildPhase;
			buildActionMask = 2147483647;
			files = (
			);
			inputFileListPaths = (
			);
			inputPaths = (
				"${PODS_PODFILE_DIR_PATH}/Podfile.lock",
				"${PODS_ROOT}/Manifest.lock",
			);
			name = "[CP] Check Pods Manifest.lock";
			outputFileListPaths = (
			);
			outputPaths = (
				"$(DERIVED_FILE_DIR)/Pods-Food2Fork-checkManifestLockResult.txt",
			);
			runOnlyForDeploymentPostprocessing = 0;
			shellPath = /bin/sh;
			shellScript = "diff \"${PODS_PODFILE_DIR_PATH}/Podfile.lock\" \"${PODS_ROOT}/Manifest.lock\" > /dev/null\nif [ $? != 0 ] ; then\n    # print error to STDERR\n    echo \"error: The sandbox is not in sync with the Podfile.lock. Run 'pod install' or update your CocoaPods installation.\" >&2\n    exit 1\nfi\n# This output is used by Xcode 'outputs' to avoid re-running this script phase.\necho \"SUCCESS\" > \"${SCRIPT_OUTPUT_FILE_0}\"\n";
			showEnvVarsInLog = 0;
		};
/* End PBXShellScriptBuildPhase section */

/* Begin PBXSourcesBuildPhase section */
		E9474CB221DE552D0081F007 /* Sources */ = {
			isa = PBXSourcesBuildPhase;
			buildActionMask = 2147483647;
			files = (
				E92FEFB421E519AB00133BF3 /* downloaded.swift in Sources */,
				E9474CBC21DE552D0081F007 /* MainViewController.swift in Sources */,
				E9474CDE21DE56220081F007 /* Food2ForkAPI.swift in Sources */,
				E98926FB21E12BF800E23A0A /* NetworkManager.swift in Sources */,
				E92FEFB121E5194000133BF3 /* RecipeManager.swift in Sources */,
				E9474CBA21DE552D0081F007 /* AppDelegate.swift in Sources */,
				E9474CE121DE57480081F007 /* Recipe.swift in Sources */,
			);
			runOnlyForDeploymentPostprocessing = 0;
		};
		E9474CC621DE552E0081F007 /* Sources */ = {
			isa = PBXSourcesBuildPhase;
			buildActionMask = 2147483647;
			files = (
				E9474CCF21DE552E0081F007 /* Food2ForkTests.swift in Sources */,
			);
			runOnlyForDeploymentPostprocessing = 0;
		};
/* End PBXSourcesBuildPhase section */

/* Begin PBXTargetDependency section */
		E9474CCC21DE552E0081F007 /* PBXTargetDependency */ = {
			isa = PBXTargetDependency;
			target = E9474CB521DE552D0081F007 /* Food2Fork */;
			targetProxy = E9474CCB21DE552E0081F007 /* PBXContainerItemProxy */;
		};
/* End PBXTargetDependency section */

/* Begin PBXVariantGroup section */
		E9474CBD21DE552D0081F007 /* Main.storyboard */ = {
			isa = PBXVariantGroup;
			children = (
				E9474CBE21DE552D0081F007 /* Base */,
			);
			name = Main.storyboard;
			sourceTree = "<group>";
		};
		E9474CC221DE552E0081F007 /* LaunchScreen.storyboard */ = {
			isa = PBXVariantGroup;
			children = (
				E9474CC321DE552E0081F007 /* Base */,
			);
			name = LaunchScreen.storyboard;
			sourceTree = "<group>";
		};
/* End PBXVariantGroup section */

/* Begin XCBuildConfiguration section */
		E9474CD121DE552E0081F007 /* Debug */ = {
			isa = XCBuildConfiguration;
			buildSettings = {
				ALWAYS_SEARCH_USER_PATHS = NO;
				CLANG_ANALYZER_NONNULL = YES;
				CLANG_ANALYZER_NUMBER_OBJECT_CONVERSION = YES_AGGRESSIVE;
				CLANG_CXX_LANGUAGE_STANDARD = "gnu++14";
				CLANG_CXX_LIBRARY = "libc++";
				CLANG_ENABLE_MODULES = YES;
				CLANG_ENABLE_OBJC_ARC = YES;
				CLANG_ENABLE_OBJC_WEAK = YES;
				CLANG_WARN_BLOCK_CAPTURE_AUTORELEASING = YES;
				CLANG_WARN_BOOL_CONVERSION = YES;
				CLANG_WARN_COMMA = YES;
				CLANG_WARN_CONSTANT_CONVERSION = YES;
				CLANG_WARN_DEPRECATED_OBJC_IMPLEMENTATIONS = YES;
				CLANG_WARN_DIRECT_OBJC_ISA_USAGE = YES_ERROR;
				CLANG_WARN_DOCUMENTATION_COMMENTS = YES;
				CLANG_WARN_EMPTY_BODY = YES;
				CLANG_WARN_ENUM_CONVERSION = YES;
				CLANG_WARN_INFINITE_RECURSION = YES;
				CLANG_WARN_INT_CONVERSION = YES;
				CLANG_WARN_NON_LITERAL_NULL_CONVERSION = YES;
				CLANG_WARN_OBJC_IMPLICIT_RETAIN_SELF = YES;
				CLANG_WARN_OBJC_LITERAL_CONVERSION = YES;
				CLANG_WARN_OBJC_ROOT_CLASS = YES_ERROR;
				CLANG_WARN_RANGE_LOOP_ANALYSIS = YES;
				CLANG_WARN_STRICT_PROTOTYPES = YES;
				CLANG_WARN_SUSPICIOUS_MOVE = YES;
				CLANG_WARN_UNGUARDED_AVAILABILITY = YES_AGGRESSIVE;
				CLANG_WARN_UNREACHABLE_CODE = YES;
				CLANG_WARN__DUPLICATE_METHOD_MATCH = YES;
				CODE_SIGN_IDENTITY = "iPhone Developer";
				COPY_PHASE_STRIP = NO;
				DEBUG_INFORMATION_FORMAT = dwarf;
				ENABLE_STRICT_OBJC_MSGSEND = YES;
				ENABLE_TESTABILITY = YES;
				GCC_C_LANGUAGE_STANDARD = gnu11;
				GCC_DYNAMIC_NO_PIC = NO;
				GCC_NO_COMMON_BLOCKS = YES;
				GCC_OPTIMIZATION_LEVEL = 0;
				GCC_PREPROCESSOR_DEFINITIONS = (
					"DEBUG=1",
					"$(inherited)",
				);
				GCC_WARN_64_TO_32_BIT_CONVERSION = YES;
				GCC_WARN_ABOUT_RETURN_TYPE = YES_ERROR;
				GCC_WARN_UNDECLARED_SELECTOR = YES;
				GCC_WARN_UNINITIALIZED_AUTOS = YES_AGGRESSIVE;
				GCC_WARN_UNUSED_FUNCTION = YES;
				GCC_WARN_UNUSED_VARIABLE = YES;
				IPHONEOS_DEPLOYMENT_TARGET = 12.1;
				MTL_ENABLE_DEBUG_INFO = INCLUDE_SOURCE;
				MTL_FAST_MATH = YES;
				ONLY_ACTIVE_ARCH = YES;
				SDKROOT = iphoneos;
				SWIFT_ACTIVE_COMPILATION_CONDITIONS = DEBUG;
				SWIFT_OPTIMIZATION_LEVEL = "-Onone";
			};
			name = Debug;
		};
		E9474CD221DE552E0081F007 /* Release */ = {
			isa = XCBuildConfiguration;
			buildSettings = {
				ALWAYS_SEARCH_USER_PATHS = NO;
				CLANG_ANALYZER_NONNULL = YES;
				CLANG_ANALYZER_NUMBER_OBJECT_CONVERSION = YES_AGGRESSIVE;
				CLANG_CXX_LANGUAGE_STANDARD = "gnu++14";
				CLANG_CXX_LIBRARY = "libc++";
				CLANG_ENABLE_MODULES = YES;
				CLANG_ENABLE_OBJC_ARC = YES;
				CLANG_ENABLE_OBJC_WEAK = YES;
				CLANG_WARN_BLOCK_CAPTURE_AUTORELEASING = YES;
				CLANG_WARN_BOOL_CONVERSION = YES;
				CLANG_WARN_COMMA = YES;
				CLANG_WARN_CONSTANT_CONVERSION = YES;
				CLANG_WARN_DEPRECATED_OBJC_IMPLEMENTATIONS = YES;
				CLANG_WARN_DIRECT_OBJC_ISA_USAGE = YES_ERROR;
				CLANG_WARN_DOCUMENTATION_COMMENTS = YES;
				CLANG_WARN_EMPTY_BODY = YES;
				CLANG_WARN_ENUM_CONVERSION = YES;
				CLANG_WARN_INFINITE_RECURSION = YES;
				CLANG_WARN_INT_CONVERSION = YES;
				CLANG_WARN_NON_LITERAL_NULL_CONVERSION = YES;
				CLANG_WARN_OBJC_IMPLICIT_RETAIN_SELF = YES;
				CLANG_WARN_OBJC_LITERAL_CONVERSION = YES;
				CLANG_WARN_OBJC_ROOT_CLASS = YES_ERROR;
				CLANG_WARN_RANGE_LOOP_ANALYSIS = YES;
				CLANG_WARN_STRICT_PROTOTYPES = YES;
				CLANG_WARN_SUSPICIOUS_MOVE = YES;
				CLANG_WARN_UNGUARDED_AVAILABILITY = YES_AGGRESSIVE;
				CLANG_WARN_UNREACHABLE_CODE = YES;
				CLANG_WARN__DUPLICATE_METHOD_MATCH = YES;
				CODE_SIGN_IDENTITY = "iPhone Developer";
				COPY_PHASE_STRIP = NO;
				DEBUG_INFORMATION_FORMAT = "dwarf-with-dsym";
				ENABLE_NS_ASSERTIONS = NO;
				ENABLE_STRICT_OBJC_MSGSEND = YES;
				GCC_C_LANGUAGE_STANDARD = gnu11;
				GCC_NO_COMMON_BLOCKS = YES;
				GCC_WARN_64_TO_32_BIT_CONVERSION = YES;
				GCC_WARN_ABOUT_RETURN_TYPE = YES_ERROR;
				GCC_WARN_UNDECLARED_SELECTOR = YES;
				GCC_WARN_UNINITIALIZED_AUTOS = YES_AGGRESSIVE;
				GCC_WARN_UNUSED_FUNCTION = YES;
				GCC_WARN_UNUSED_VARIABLE = YES;
				IPHONEOS_DEPLOYMENT_TARGET = 12.1;
				MTL_ENABLE_DEBUG_INFO = NO;
				MTL_FAST_MATH = YES;
				SDKROOT = iphoneos;
				SWIFT_COMPILATION_MODE = wholemodule;
				SWIFT_OPTIMIZATION_LEVEL = "-O";
				VALIDATE_PRODUCT = YES;
			};
			name = Release;
		};
		E9474CD421DE552E0081F007 /* Debug */ = {
			isa = XCBuildConfiguration;
			baseConfigurationReference = 0BFABDDA10CF55B0B50E3497 /* Pods-Food2Fork.debug.xcconfig */;
			buildSettings = {
				ASSETCATALOG_COMPILER_APPICON_NAME = AppIcon;
				CODE_SIGN_STYLE = Automatic;
				DEVELOPMENT_TEAM = WN26UTQF4T;
				INFOPLIST_FILE = Food2Fork/Info.plist;
				LD_RUNPATH_SEARCH_PATHS = (
					"$(inherited)",
					"@executable_path/Frameworks",
				);
				PRODUCT_BUNDLE_IDENTIFIER = nl.mayla.Food2Fork;
				PRODUCT_NAME = "$(TARGET_NAME)";
				SWIFT_VERSION = 4.2;
				TARGETED_DEVICE_FAMILY = "1,2";
			};
			name = Debug;
		};
		E9474CD521DE552E0081F007 /* Release */ = {
			isa = XCBuildConfiguration;
			baseConfigurationReference = E970469B80838778428DAFAC /* Pods-Food2Fork.release.xcconfig */;
			buildSettings = {
				ASSETCATALOG_COMPILER_APPICON_NAME = AppIcon;
				CODE_SIGN_STYLE = Automatic;
				DEVELOPMENT_TEAM = WN26UTQF4T;
				INFOPLIST_FILE = Food2Fork/Info.plist;
				LD_RUNPATH_SEARCH_PATHS = (
					"$(inherited)",
					"@executable_path/Frameworks",
				);
				PRODUCT_BUNDLE_IDENTIFIER = nl.mayla.Food2Fork;
				PRODUCT_NAME = "$(TARGET_NAME)";
				SWIFT_VERSION = 4.2;
				TARGETED_DEVICE_FAMILY = "1,2";
			};
			name = Release;
		};
		E9474CD721DE552E0081F007 /* Debug */ = {
			isa = XCBuildConfiguration;
			buildSettings = {
				ALWAYS_EMBED_SWIFT_STANDARD_LIBRARIES = YES;
				BUNDLE_LOADER = "$(TEST_HOST)";
				CODE_SIGN_STYLE = Automatic;
				DEVELOPMENT_TEAM = WN26UTQF4T;
				INFOPLIST_FILE = Food2ForkTests/Info.plist;
				LD_RUNPATH_SEARCH_PATHS = (
					"$(inherited)",
					"@executable_path/Frameworks",
					"@loader_path/Frameworks",
				);
				PRODUCT_BUNDLE_IDENTIFIER = nl.mayla.Food2ForkTests;
				PRODUCT_NAME = "$(TARGET_NAME)";
				SWIFT_VERSION = 4.2;
				TARGETED_DEVICE_FAMILY = "1,2";
				TEST_HOST = "$(BUILT_PRODUCTS_DIR)/Food2Fork.app/Food2Fork";
			};
			name = Debug;
		};
		E9474CD821DE552E0081F007 /* Release */ = {
			isa = XCBuildConfiguration;
			buildSettings = {
				ALWAYS_EMBED_SWIFT_STANDARD_LIBRARIES = YES;
				BUNDLE_LOADER = "$(TEST_HOST)";
				CODE_SIGN_STYLE = Automatic;
				DEVELOPMENT_TEAM = WN26UTQF4T;
				INFOPLIST_FILE = Food2ForkTests/Info.plist;
				LD_RUNPATH_SEARCH_PATHS = (
					"$(inherited)",
					"@executable_path/Frameworks",
					"@loader_path/Frameworks",
				);
				PRODUCT_BUNDLE_IDENTIFIER = nl.mayla.Food2ForkTests;
				PRODUCT_NAME = "$(TARGET_NAME)";
				SWIFT_VERSION = 4.2;
				TARGETED_DEVICE_FAMILY = "1,2";
				TEST_HOST = "$(BUILT_PRODUCTS_DIR)/Food2Fork.app/Food2Fork";
			};
			name = Release;
		};
/* End XCBuildConfiguration section */

/* Begin XCConfigurationList section */
		E9474CB121DE552D0081F007 /* Build configuration list for PBXProject "Food2Fork" */ = {
			isa = XCConfigurationList;
			buildConfigurations = (
				E9474CD121DE552E0081F007 /* Debug */,
				E9474CD221DE552E0081F007 /* Release */,
			);
			defaultConfigurationIsVisible = 0;
			defaultConfigurationName = Release;
		};
		E9474CD321DE552E0081F007 /* Build configuration list for PBXNativeTarget "Food2Fork" */ = {
			isa = XCConfigurationList;
			buildConfigurations = (
				E9474CD421DE552E0081F007 /* Debug */,
				E9474CD521DE552E0081F007 /* Release */,
			);
			defaultConfigurationIsVisible = 0;
			defaultConfigurationName = Release;
		};
		E9474CD621DE552E0081F007 /* Build configuration list for PBXNativeTarget "Food2ForkTests" */ = {
			isa = XCConfigurationList;
			buildConfigurations = (
				E9474CD721DE552E0081F007 /* Debug */,
				E9474CD821DE552E0081F007 /* Release */,
			);
			defaultConfigurationIsVisible = 0;
			defaultConfigurationName = Release;
		};
/* End XCConfigurationList section */
	};
	rootObject = E9474CAE21DE552D0081F007 /* Project object */;
}
